
Microsoft Visual Studio Solution File, Format Version 10.00
# Visual Studio 2008
Project("{FAE04EC0-301F-11D3-BF4B-00C04F79EFBC}") = "PureMVC.DotNET.2008", "PureMVC.DotNET.2008\PureMVC.DotNET.2008.csproj", "{A1482CF1-5566-4636-8590-30ED9CF3D4D9}"
EndProject
Project("{2150E333-8FDC-42A3-9474-1A3956D46DE8}") = "Solution Items", "Solution Items", "{F56FBE81-359D-435F-91A2-531B24845701}"
	ProjectSection(SolutionItems) = preProject
		LocalTestRun.testrunconfig = LocalTestRun.testrunconfig
		PureMVC.DotNET.VS2008.vsmdi = PureMVC.DotNET.VS2008.vsmdi
	EndProjectSection
EndProject
Project("{FAE04EC0-301F-11D3-BF4B-00C04F79EFBC}") = "PureMVC.DotNET.2008.Tests", "PureMVC.DotNET.2008.Tests\PureMVC.DotNET.2008.Tests.csproj", "{0A42BFD1-6BA7-4219-A1A7-0643BF824F97}"
EndProject
Global
	GlobalSection(SubversionScc) = preSolution
		Svn-Managed = True
		Manager = AnkhSVN - Subversion Support for Visual Studio
	EndGlobalSection
	GlobalSection(TestCaseManagementSettings) = postSolution
		CategoryFile = PureMVC.DotNET.VS2008.vsmdi
	EndGlobalSection
	GlobalSection(SolutionConfigurationPlatforms) = preSolution
		Debug|Any CPU = Debug|Any CPU
		Release|Any CPU = Release|Any CPU
	EndGlobalSection
	GlobalSection(ProjectConfigurationPlatforms) = postSolution
		{A1482CF1-5566-4636-8590-30ED9CF3D4D9}.Debug|Any CPU.ActiveCfg = Debug|Any CPU
		{A1482CF1-5566-4636-8590-30ED9CF3D4D9}.Debug|Any CPU.Build.0 = Debug|Any CPU
		{A1482CF1-5566-4636-8590-30ED9CF3D4D9}.Release|Any CPU.ActiveCfg = Release|Any CPU
		{A1482CF1-5566-4636-8590-30ED9CF3D4D9}.Release|Any CPU.Build.0 = Release|Any CPU
		{0A42BFD1-6BA7-4219-A1A7-0643BF824F97}.Debug|Any CPU.ActiveCfg = Debug|Any CPU
		{0A42BFD1-6BA7-4219-A1A7-0643BF824F97}.Debug|Any CPU.Build.0 = Debug|Any CPU
		{0A42BFD1-6BA7-4219-A1A7-0643BF824F97}.Release|Any CPU.ActiveCfg = Release|Any CPU
		{0A42BFD1-6BA7-4219-A1A7-0643BF824F97}.Release|Any CPU.Build.0 = Release|Any CPU
	EndGlobalSection
	GlobalSection(SolutionProperties) = preSolution
		HideSolutionNode = FALSE
	EndGlobalSection
EndGlobal
