
Microsoft Visual Studio Solution File, Format Version 10.00
# Visual Studio 2008
Project("{FAE04EC0-301F-11D3-BF4B-00C04F79EFBC}") = "PureMVC.DotNET.2008", "PureMVC.DotNET.2008\PureMVC.DotNET.2008.csproj", "{A1482CF1-5566-4636-8590-30ED9CF3D4D9}"
EndProject
Project("{FAE04EC0-301F-11D3-BF4B-00C04F79EFBC}") = "PureMVC.DotNET.2008.Tests.Old", "PureMVC.DotNET.2008.Tests.Old\PureMVC.DotNET.2008.Tests.Old.csproj", "{0E2FA536-CA09-4E55-84D6-43AD9A93C9A0}"
EndProject
Global
	GlobalSection(SolutionConfigurationPlatforms) = preSolution
		Debug|Any CPU = Debug|Any CPU
		Release|Any CPU = Release|Any CPU
	EndGlobalSection
	GlobalSection(ProjectConfigurationPlatforms) = postSolution
		{A1482CF1-5566-4636-8590-30ED9CF3D4D9}.Debug|Any CPU.ActiveCfg = Debug|Any CPU
		{A1482CF1-5566-4636-8590-30ED9CF3D4D9}.Debug|Any CPU.Build.0 = Debug|Any CPU
		{A1482CF1-5566-4636-8590-30ED9CF3D4D9}.Release|Any CPU.ActiveCfg = Release|Any CPU
		{A1482CF1-5566-4636-8590-30ED9CF3D4D9}.Release|Any CPU.Build.0 = Release|Any CPU
		{0E2FA536-CA09-4E55-84D6-43AD9A93C9A0}.Debug|Any CPU.ActiveCfg = Debug|Any CPU
		{0E2FA536-CA09-4E55-84D6-43AD9A93C9A0}.Debug|Any CPU.Build.0 = Debug|Any CPU
		{0E2FA536-CA09-4E55-84D6-43AD9A93C9A0}.Release|Any CPU.ActiveCfg = Release|Any CPU
		{0E2FA536-CA09-4E55-84D6-43AD9A93C9A0}.Release|Any CPU.Build.0 = Release|Any CPU
	EndGlobalSection
	GlobalSection(SolutionProperties) = preSolution
		HideSolutionNode = FALSE
	EndGlobalSection
EndGlobal
